// !$*UTF8*$!
{
	archiveVersion = 1;
	classes = {
	};
	objectVersion = 50;
	objects = {

/* Begin PBXBuildFile section */
		1E071091270A02A100F90434 /* FruitDetailView.swift in Sources */ = {isa = PBXBuildFile; fileRef = 1E071090270A02A100F90434 /* FruitDetailView.swift */; };
		1E071093270A119600F90434 /* FruitHeaderView.swift in Sources */ = {isa = PBXBuildFile; fileRef = 1E071092270A119600F90434 /* FruitHeaderView.swift */; };
		1E25917D2686DDB600632759 /* StartButtonView.swift in Sources */ = {isa = PBXBuildFile; fileRef = 1E25917C2686DDB600632759 /* StartButtonView.swift */; };
		1E25917F2686E80F00632759 /* OnboardingView.swift in Sources */ = {isa = PBXBuildFile; fileRef = 1E25917E2686E80F00632759 /* OnboardingView.swift */; };
		1E2591822686EEFB00632759 /* FruitModel.swift in Sources */ = {isa = PBXBuildFile; fileRef = 1E2591812686EEFB00632759 /* FruitModel.swift */; };
		1E2591852686F01800632759 /* FruitData.swift in Sources */ = {isa = PBXBuildFile; fileRef = 1E2591842686F01800632759 /* FruitData.swift */; };
		1E287654270924EE00D3A172 /* FruitRowView.swift in Sources */ = {isa = PBXBuildFile; fileRef = 1E287653270924EE00D3A172 /* FruitRowView.swift */; };
		1E4C9D2D2685699A000166D4 /* FructusApp.swift in Sources */ = {isa = PBXBuildFile; fileRef = 1E4C9D2C2685699A000166D4 /* FructusApp.swift */; };
		1E4C9D2F2685699A000166D4 /* ContentView.swift in Sources */ = {isa = PBXBuildFile; fileRef = 1E4C9D2E2685699A000166D4 /* ContentView.swift */; };
		1E4C9D312685699A000166D4 /* Assets.xcassets in Resources */ = {isa = PBXBuildFile; fileRef = 1E4C9D302685699A000166D4 /* Assets.xcassets */; };
		1E4C9D342685699A000166D4 /* Preview Assets.xcassets in Resources */ = {isa = PBXBuildFile; fileRef = 1E4C9D332685699A000166D4 /* Preview Assets.xcassets */; };
		1E4C9D3E26858052000166D4 /* FruitCardView.swift in Sources */ = {isa = PBXBuildFile; fileRef = 1E4C9D3D26858052000166D4 /* FruitCardView.swift */; };
		1E5C5D45270A15A3000CEF35 /* SourceLinkView.swift in Sources */ = {isa = PBXBuildFile; fileRef = 1E5C5D44270A15A3000CEF35 /* SourceLinkView.swift */; };
		1E5C5D47270A28C5000CEF35 /* FruitNutrientsView.swift in Sources */ = {isa = PBXBuildFile; fileRef = 1E5C5D46270A28C5000CEF35 /* FruitNutrientsView.swift */; };
		1E5C5D49270A390C000CEF35 /* SettingsView.swift in Sources */ = {isa = PBXBuildFile; fileRef = 1E5C5D48270A390C000CEF35 /* SettingsView.swift */; };
		1E5C5D4B270A63F9000CEF35 /* SettingsLabelView.swift in Sources */ = {isa = PBXBuildFile; fileRef = 1E5C5D4A270A63F9000CEF35 /* SettingsLabelView.swift */; };
		1E5C5D4D270A6B3B000CEF35 /* SettingsRowView.swift in Sources */ = {isa = PBXBuildFile; fileRef = 1E5C5D4C270A6B3B000CEF35 /* SettingsRowView.swift */; };
/* End PBXBuildFile section */

/* Begin PBXFileReference section */
		1E071090270A02A100F90434 /* FruitDetailView.swift */ = {isa = PBXFileReference; lastKnownFileType = sourcecode.swift; path = FruitDetailView.swift; sourceTree = "<group>"; };
		1E071092270A119600F90434 /* FruitHeaderView.swift */ = {isa = PBXFileReference; lastKnownFileType = sourcecode.swift; path = FruitHeaderView.swift; sourceTree = "<group>"; };
		1E25917C2686DDB600632759 /* StartButtonView.swift */ = {isa = PBXFileReference; lastKnownFileType = sourcecode.swift; path = StartButtonView.swift; sourceTree = "<group>"; };
		1E25917E2686E80F00632759 /* OnboardingView.swift */ = {isa = PBXFileReference; lastKnownFileType = sourcecode.swift; path = OnboardingView.swift; sourceTree = "<group>"; };
		1E2591812686EEFB00632759 /* FruitModel.swift */ = {isa = PBXFileReference; lastKnownFileType = sourcecode.swift; path = FruitModel.swift; sourceTree = "<group>"; };
		1E2591842686F01800632759 /* FruitData.swift */ = {isa = PBXFileReference; lastKnownFileType = sourcecode.swift; path = FruitData.swift; sourceTree = "<group>"; };
		1E287653270924EE00D3A172 /* FruitRowView.swift */ = {isa = PBXFileReference; lastKnownFileType = sourcecode.swift; path = FruitRowView.swift; sourceTree = "<group>"; };
		1E4C9D292685699A000166D4 /* Fructus.app */ = {isa = PBXFileReference; explicitFileType = wrapper.application; includeInIndex = 0; path = Fructus.app; sourceTree = BUILT_PRODUCTS_DIR; };
		1E4C9D2C2685699A000166D4 /* FructusApp.swift */ = {isa = PBXFileReference; lastKnownFileType = sourcecode.swift; path = FructusApp.swift; sourceTree = "<group>"; };
		1E4C9D2E2685699A000166D4 /* ContentView.swift */ = {isa = PBXFileReference; lastKnownFileType = sourcecode.swift; path = ContentView.swift; sourceTree = "<group>"; };
		1E4C9D302685699A000166D4 /* Assets.xcassets */ = {isa = PBXFileReference; lastKnownFileType = folder.assetcatalog; path = Assets.xcassets; sourceTree = "<group>"; };
		1E4C9D332685699A000166D4 /* Preview Assets.xcassets */ = {isa = PBXFileReference; lastKnownFileType = folder.assetcatalog; path = "Preview Assets.xcassets"; sourceTree = "<group>"; };
		1E4C9D352685699A000166D4 /* Info.plist */ = {isa = PBXFileReference; lastKnownFileType = text.plist.xml; path = Info.plist; sourceTree = "<group>"; };
		1E4C9D3D26858052000166D4 /* FruitCardView.swift */ = {isa = PBXFileReference; lastKnownFileType = sourcecode.swift; path = FruitCardView.swift; sourceTree = "<group>"; };
		1E5C5D44270A15A3000CEF35 /* SourceLinkView.swift */ = {isa = PBXFileReference; lastKnownFileType = sourcecode.swift; path = SourceLinkView.swift; sourceTree = "<group>"; };
		1E5C5D46270A28C5000CEF35 /* FruitNutrientsView.swift */ = {isa = PBXFileReference; lastKnownFileType = sourcecode.swift; path = FruitNutrientsView.swift; sourceTree = "<group>"; };
		1E5C5D48270A390C000CEF35 /* SettingsView.swift */ = {isa = PBXFileReference; lastKnownFileType = sourcecode.swift; path = SettingsView.swift; sourceTree = "<group>"; };
		1E5C5D4A270A63F9000CEF35 /* SettingsLabelView.swift */ = {isa = PBXFileReference; lastKnownFileType = sourcecode.swift; path = SettingsLabelView.swift; sourceTree = "<group>"; };
		1E5C5D4C270A6B3B000CEF35 /* SettingsRowView.swift */ = {isa = PBXFileReference; lastKnownFileType = sourcecode.swift; path = SettingsRowView.swift; sourceTree = "<group>"; };
/* End PBXFileReference section */

/* Begin PBXFrameworksBuildPhase section */
		1E4C9D262685699A000166D4 /* Frameworks */ = {
			isa = PBXFrameworksBuildPhase;
			buildActionMask = 2147483647;
			files = (
			);
			runOnlyForDeploymentPostprocessing = 0;
		};
/* End PBXFrameworksBuildPhase section */

/* Begin PBXGroup section */
		1E2591802686EE9100632759 /* Model */ = {
			isa = PBXGroup;
			children = (
				1E2591812686EEFB00632759 /* FruitModel.swift */,
			);
			path = Model;
			sourceTree = "<group>";
		};
		1E2591832686F00100632759 /* Data */ = {
			isa = PBXGroup;
			children = (
				1E2591842686F01800632759 /* FruitData.swift */,
			);
			path = Data;
			sourceTree = "<group>";
		};
		1E4C9D202685699A000166D4 = {
			isa = PBXGroup;
			children = (
				1E4C9D2B2685699A000166D4 /* Fructus */,
				1E4C9D2A2685699A000166D4 /* Products */,
			);
			sourceTree = "<group>";
		};
		1E4C9D2A2685699A000166D4 /* Products */ = {
			isa = PBXGroup;
			children = (
				1E4C9D292685699A000166D4 /* Fructus.app */,
			);
			name = Products;
			sourceTree = "<group>";
		};
		1E4C9D2B2685699A000166D4 /* Fructus */ = {
			isa = PBXGroup;
			children = (
				1E2591832686F00100632759 /* Data */,
				1E2591802686EE9100632759 /* Model */,
				1E4C9D3C26858036000166D4 /* View */,
				1E4C9D3B26858029000166D4 /* App */,
				1E4C9D302685699A000166D4 /* Assets.xcassets */,
				1E4C9D352685699A000166D4 /* Info.plist */,
				1E4C9D322685699A000166D4 /* Preview Content */,
			);
			path = Fructus;
			sourceTree = "<group>";
		};
		1E4C9D322685699A000166D4 /* Preview Content */ = {
			isa = PBXGroup;
			children = (
				1E4C9D332685699A000166D4 /* Preview Assets.xcassets */,
			);
			path = "Preview Content";
			sourceTree = "<group>";
		};
		1E4C9D3B26858029000166D4 /* App */ = {
			isa = PBXGroup;
			children = (
				1E4C9D2C2685699A000166D4 /* FructusApp.swift */,
				1E4C9D2E2685699A000166D4 /* ContentView.swift */,
				1E25917E2686E80F00632759 /* OnboardingView.swift */,
				1E071090270A02A100F90434 /* FruitDetailView.swift */,
				1E5C5D48270A390C000CEF35 /* SettingsView.swift */,
			);
			path = App;
			sourceTree = "<group>";
		};
		1E4C9D3C26858036000166D4 /* View */ = {
			isa = PBXGroup;
			children = (
				1E5C5D4C270A6B3B000CEF35 /* SettingsRowView.swift */,
				1E4C9D3D26858052000166D4 /* FruitCardView.swift */,
				1E25917C2686DDB600632759 /* StartButtonView.swift */,
				1E287653270924EE00D3A172 /* FruitRowView.swift */,
				1E071092270A119600F90434 /* FruitHeaderView.swift */,
				1E5C5D44270A15A3000CEF35 /* SourceLinkView.swift */,
				1E5C5D46270A28C5000CEF35 /* FruitNutrientsView.swift */,
				1E5C5D4A270A63F9000CEF35 /* SettingsLabelView.swift */,
			);
			path = View;
			sourceTree = "<group>";
		};
/* End PBXGroup section */

/* Begin PBXNativeTarget section */
		1E4C9D282685699A000166D4 /* Fructus */ = {
			isa = PBXNativeTarget;
			buildConfigurationList = 1E4C9D382685699A000166D4 /* Build configuration list for PBXNativeTarget "Fructus" */;
			buildPhases = (
				1E4C9D252685699A000166D4 /* Sources */,
				1E4C9D262685699A000166D4 /* Frameworks */,
				1E4C9D272685699A000166D4 /* Resources */,
			);
			buildRules = (
			);
			dependencies = (
			);
			name = Fructus;
			productName = Fructus;
			productReference = 1E4C9D292685699A000166D4 /* Fructus.app */;
			productType = "com.apple.product-type.application";
		};
/* End PBXNativeTarget section */

/* Begin PBXProject section */
		1E4C9D212685699A000166D4 /* Project object */ = {
			isa = PBXProject;
			attributes = {
				LastSwiftUpdateCheck = 1250;
				LastUpgradeCheck = 1250;
				TargetAttributes = {
					1E4C9D282685699A000166D4 = {
						CreatedOnToolsVersion = 12.5.1;
					};
				};
			};
			buildConfigurationList = 1E4C9D242685699A000166D4 /* Build configuration list for PBXProject "Fructus" */;
			compatibilityVersion = "Xcode 9.3";
			developmentRegion = en;
			hasScannedForEncodings = 0;
			knownRegions = (
				en,
				Base,
			);
			mainGroup = 1E4C9D202685699A000166D4;
			productRefGroup = 1E4C9D2A2685699A000166D4 /* Products */;
			projectDirPath = "";
			projectRoot = "";
			targets = (
				1E4C9D282685699A000166D4 /* Fructus */,
			);
		};
/* End PBXProject section */

/* Begin PBXResourcesBuildPhase section */
		1E4C9D272685699A000166D4 /* Resources */ = {
			isa = PBXResourcesBuildPhase;
			buildActionMask = 2147483647;
			files = (
				1E4C9D342685699A000166D4 /* Preview Assets.xcassets in Resources */,
				1E4C9D312685699A000166D4 /* Assets.xcassets in Resources */,
			);
			runOnlyForDeploymentPostprocessing = 0;
		};
/* End PBXResourcesBuildPhase section */

/* Begin PBXSourcesBuildPhase section */
		1E4C9D252685699A000166D4 /* Sources */ = {
			isa = PBXSourcesBuildPhase;
			buildActionMask = 2147483647;
			files = (
				1E2591852686F01800632759 /* FruitData.swift in Sources */,
				1E5C5D45270A15A3000CEF35 /* SourceLinkView.swift in Sources */,
				1E5C5D4D270A6B3B000CEF35 /* SettingsRowView.swift in Sources */,
				1E4C9D3E26858052000166D4 /* FruitCardView.swift in Sources */,
				1E287654270924EE00D3A172 /* FruitRowView.swift in Sources */,
				1E5C5D47270A28C5000CEF35 /* FruitNutrientsView.swift in Sources */,
				1E25917D2686DDB600632759 /* StartButtonView.swift in Sources */,
				1E071091270A02A100F90434 /* FruitDetailView.swift in Sources */,
				1E4C9D2F2685699A000166D4 /* ContentView.swift in Sources */,
				1E071093270A119600F90434 /* FruitHeaderView.swift in Sources */,
				1E25917F2686E80F00632759 /* OnboardingView.swift in Sources */,
				1E5C5D4B270A63F9000CEF35 /* SettingsLabelView.swift in Sources */,
				1E2591822686EEFB00632759 /* FruitModel.swift in Sources */,
				1E4C9D2D2685699A000166D4 /* FructusApp.swift in Sources */,
				1E5C5D49270A390C000CEF35 /* SettingsView.swift in Sources */,
			);
			runOnlyForDeploymentPostprocessing = 0;
		};
/* End PBXSourcesBuildPhase section */

/* Begin XCBuildConfiguration section */
		1E4C9D362685699A000166D4 /* Debug */ = {
			isa = XCBuildConfiguration;
			buildSettings = {
				ALWAYS_SEARCH_USER_PATHS = NO;
				CLANG_ANALYZER_NONNULL = YES;
				CLANG_ANALYZER_NUMBER_OBJECT_CONVERSION = YES_AGGRESSIVE;
				CLANG_CXX_LANGUAGE_STANDARD = "gnu++14";
				CLANG_CXX_LIBRARY = "libc++";
				CLANG_ENABLE_MODULES = YES;
				CLANG_ENABLE_OBJC_ARC = YES;
				CLANG_ENABLE_OBJC_WEAK = YES;
				CLANG_WARN_BLOCK_CAPTURE_AUTORELEASING = YES;
				CLANG_WARN_BOOL_CONVERSION = YES;
				CLANG_WARN_COMMA = YES;
				CLANG_WARN_CONSTANT_CONVERSION = YES;
				CLANG_WARN_DEPRECATED_OBJC_IMPLEMENTATIONS = YES;
				CLANG_WARN_DIRECT_OBJC_ISA_USAGE = YES_ERROR;
				CLANG_WARN_DOCUMENTATION_COMMENTS = YES;
				CLANG_WARN_EMPTY_BODY = YES;
				CLANG_WARN_ENUM_CONVERSION = YES;
				CLANG_WARN_INFINITE_RECURSION = YES;
				CLANG_WARN_INT_CONVERSION = YES;
				CLANG_WARN_NON_LITERAL_NULL_CONVERSION = YES;
				CLANG_WARN_OBJC_IMPLICIT_RETAIN_SELF = YES;
				CLANG_WARN_OBJC_LITERAL_CONVERSION = YES;
				CLANG_WARN_OBJC_ROOT_CLASS = YES_ERROR;
				CLANG_WARN_QUOTED_INCLUDE_IN_FRAMEWORK_HEADER = YES;
				CLANG_WARN_RANGE_LOOP_ANALYSIS = YES;
				CLANG_WARN_STRICT_PROTOTYPES = YES;
				CLANG_WARN_SUSPICIOUS_MOVE = YES;
				CLANG_WARN_UNGUARDED_AVAILABILITY = YES_AGGRESSIVE;
				CLANG_WARN_UNREACHABLE_CODE = YES;
				CLANG_WARN__DUPLICATE_METHOD_MATCH = YES;
				COPY_PHASE_STRIP = NO;
				DEBUG_INFORMATION_FORMAT = dwarf;
				ENABLE_STRICT_OBJC_MSGSEND = YES;
				ENABLE_TESTABILITY = YES;
				GCC_C_LANGUAGE_STANDARD = gnu11;
				GCC_DYNAMIC_NO_PIC = NO;
				GCC_NO_COMMON_BLOCKS = YES;
				GCC_OPTIMIZATION_LEVEL = 0;
				GCC_PREPROCESSOR_DEFINITIONS = (
					"DEBUG=1",
					"$(inherited)",
				);
				GCC_WARN_64_TO_32_BIT_CONVERSION = YES;
				GCC_WARN_ABOUT_RETURN_TYPE = YES_ERROR;
				GCC_WARN_UNDECLARED_SELECTOR = YES;
				GCC_WARN_UNINITIALIZED_AUTOS = YES_AGGRESSIVE;
				GCC_WARN_UNUSED_FUNCTION = YES;
				GCC_WARN_UNUSED_VARIABLE = YES;
				IPHONEOS_DEPLOYMENT_TARGET = 14.5;
				MTL_ENABLE_DEBUG_INFO = INCLUDE_SOURCE;
				MTL_FAST_MATH = YES;
				ONLY_ACTIVE_ARCH = YES;
				SDKROOT = iphoneos;
				SWIFT_ACTIVE_COMPILATION_CONDITIONS = DEBUG;
				SWIFT_OPTIMIZATION_LEVEL = "-Onone";
			};
			name = Debug;
		};
		1E4C9D372685699A000166D4 /* Release */ = {
			isa = XCBuildConfiguration;
			buildSettings = {
				ALWAYS_SEARCH_USER_PATHS = NO;
				CLANG_ANALYZER_NONNULL = YES;
				CLANG_ANALYZER_NUMBER_OBJECT_CONVERSION = YES_AGGRESSIVE;
				CLANG_CXX_LANGUAGE_STANDARD = "gnu++14";
				CLANG_CXX_LIBRARY = "libc++";
				CLANG_ENABLE_MODULES = YES;
				CLANG_ENABLE_OBJC_ARC = YES;
				CLANG_ENABLE_OBJC_WEAK = YES;
				CLANG_WARN_BLOCK_CAPTURE_AUTORELEASING = YES;
				CLANG_WARN_BOOL_CONVERSION = YES;
				CLANG_WARN_COMMA = YES;
				CLANG_WARN_CONSTANT_CONVERSION = YES;
				CLANG_WARN_DEPRECATED_OBJC_IMPLEMENTATIONS = YES;
				CLANG_WARN_DIRECT_OBJC_ISA_USAGE = YES_ERROR;
				CLANG_WARN_DOCUMENTATION_COMMENTS = YES;
				CLANG_WARN_EMPTY_BODY = YES;
				CLANG_WARN_ENUM_CONVERSION = YES;
				CLANG_WARN_INFINITE_RECURSION = YES;
				CLANG_WARN_INT_CONVERSION = YES;
				CLANG_WARN_NON_LITERAL_NULL_CONVERSION = YES;
				CLANG_WARN_OBJC_IMPLICIT_RETAIN_SELF = YES;
				CLANG_WARN_OBJC_LITERAL_CONVERSION = YES;
				CLANG_WARN_OBJC_ROOT_CLASS = YES_ERROR;
				CLANG_WARN_QUOTED_INCLUDE_IN_FRAMEWORK_HEADER = YES;
				CLANG_WARN_RANGE_LOOP_ANALYSIS = YES;
				CLANG_WARN_STRICT_PROTOTYPES = YES;
				CLANG_WARN_SUSPICIOUS_MOVE = YES;
				CLANG_WARN_UNGUARDED_AVAILABILITY = YES_AGGRESSIVE;
				CLANG_WARN_UNREACHABLE_CODE = YES;
				CLANG_WARN__DUPLICATE_METHOD_MATCH = YES;
				COPY_PHASE_STRIP = NO;
				DEBUG_INFORMATION_FORMAT = "dwarf-with-dsym";
				ENABLE_NS_ASSERTIONS = NO;
				ENABLE_STRICT_OBJC_MSGSEND = YES;
				GCC_C_LANGUAGE_STANDARD = gnu11;
				GCC_NO_COMMON_BLOCKS = YES;
				GCC_WARN_64_TO_32_BIT_CONVERSION = YES;
				GCC_WARN_ABOUT_RETURN_TYPE = YES_ERROR;
				GCC_WARN_UNDECLARED_SELECTOR = YES;
				GCC_WARN_UNINITIALIZED_AUTOS = YES_AGGRESSIVE;
				GCC_WARN_UNUSED_FUNCTION = YES;
				GCC_WARN_UNUSED_VARIABLE = YES;
				IPHONEOS_DEPLOYMENT_TARGET = 14.5;
				MTL_ENABLE_DEBUG_INFO = NO;
				MTL_FAST_MATH = YES;
				SDKROOT = iphoneos;
				SWIFT_COMPILATION_MODE = wholemodule;
				SWIFT_OPTIMIZATION_LEVEL = "-O";
				VALIDATE_PRODUCT = YES;
			};
			name = Release;
		};
		1E4C9D392685699A000166D4 /* Debug */ = {
			isa = XCBuildConfiguration;
			buildSettings = {
				ASSETCATALOG_COMPILER_APPICON_NAME = AppIcon;
				ASSETCATALOG_COMPILER_GLOBAL_ACCENT_COLOR_NAME = AccentColor;
				CODE_SIGN_STYLE = Automatic;
				"CODE_SIGN_STYLE[sdk=*]" = Automatic;
				DEVELOPMENT_ASSET_PATHS = "\"Fructus/Preview Content\"";
				DEVELOPMENT_TEAM = ARTWHH9473;
				ENABLE_PREVIEWS = YES;
				INFOPLIST_FILE = Fructus/Info.plist;
				IPHONEOS_DEPLOYMENT_TARGET = 14.5;
				LD_RUNPATH_SEARCH_PATHS = (
					"$(inherited)",
					"@executable_path/Frameworks",
				);
				PRODUCT_BUNDLE_IDENTIFIER = CodeX.Fructus;
				PRODUCT_NAME = "$(TARGET_NAME)";
				SWIFT_VERSION = 5.0;
				TARGETED_DEVICE_FAMILY = "1,2";
			};
			name = Debug;
		};
		1E4C9D3A2685699A000166D4 /* Release */ = {
			isa = XCBuildConfiguration;
			buildSettings = {
				ASSETCATALOG_COMPILER_APPICON_NAME = AppIcon;
				ASSETCATALOG_COMPILER_GLOBAL_ACCENT_COLOR_NAME = AccentColor;
				CODE_SIGN_STYLE = Automatic;
				"CODE_SIGN_STYLE[sdk=*]" = Automatic;
				DEVELOPMENT_ASSET_PATHS = "\"Fructus/Preview Content\"";
				DEVELOPMENT_TEAM = ARTWHH9473;
				ENABLE_PREVIEWS = YES;
				INFOPLIST_FILE = Fructus/Info.plist;
				IPHONEOS_DEPLOYMENT_TARGET = 14.5;
				LD_RUNPATH_SEARCH_PATHS = (
					"$(inherited)",
					"@executable_path/Frameworks",
				);
				PRODUCT_BUNDLE_IDENTIFIER = CodeX.Fructus;
				PRODUCT_NAME = "$(TARGET_NAME)";
				SWIFT_VERSION = 5.0;
				TARGETED_DEVICE_FAMILY = "1,2";
			};
			name = Release;
		};
/* End XCBuildConfiguration section */

/* Begin XCConfigurationList section */
		1E4C9D242685699A000166D4 /* Build configuration list for PBXProject "Fructus" */ = {
			isa = XCConfigurationList;
			buildConfigurations = (
				1E4C9D362685699A000166D4 /* Debug */,
				1E4C9D372685699A000166D4 /* Release */,
			);
			defaultConfigurationIsVisible = 0;
			defaultConfigurationName = Release;
		};
		1E4C9D382685699A000166D4 /* Build configuration list for PBXNativeTarget "Fructus" */ = {
			isa = XCConfigurationList;
			buildConfigurations = (
				1E4C9D392685699A000166D4 /* Debug */,
				1E4C9D3A2685699A000166D4 /* Release */,
			);
			defaultConfigurationIsVisible = 0;
			defaultConfigurationName = Release;
		};
/* End XCConfigurationList section */
	};
	rootObject = 1E4C9D212685699A000166D4 /* Project object */;
}
